
Microsoft Visual Studio Solution File, Format Version 12.00
Project("{2150E333-8FDC-42A3-9474-1A3956D46DE8}") = "src", "src", "{483F4BE1-BE0C-45DF-A7B3-27C07B077E7F}"
EndProject
Project("{2150E333-8FDC-42A3-9474-1A3956D46DE8}") = "Shared", "Shared", "{C480260A-6D6A-4924-9973-CF6D50D83529}"
EndProject
Project("{FAE04EC0-301F-11D3-BF4B-00C04F79EFBC}") = "PackIT.Shared", "src\PackIT.Shared\PackIT.Shared.csproj", "{2203A942-9C8F-4E45-AC9D-134E04EED41E}"
EndProject
Project("{FAE04EC0-301F-11D3-BF4B-00C04F79EFBC}") = "PackIT.Shared.Abstraction", "src\PackIT.Shared.Abstraction\PackIT.Shared.Abstraction.csproj", "{82AFCB36-8E58-4B4B-8704-A3483A6AC540}"
EndProject
Project("{FAE04EC0-301F-11D3-BF4B-00C04F79EFBC}") = "PackIT.Application", "src\PackIT.Application\PackIT.Application.csproj", "{CCF4E221-C1C2-4D38-854B-1C0B7612F190}"
EndProject
Project("{FAE04EC0-301F-11D3-BF4B-00C04F79EFBC}") = "PackIT.Domain", "src\PackIT.Domain\PackIT.Domain.csproj", "{5A8317E5-957B-4318-8495-868A5E6CB224}"
EndProject
Project("{FAE04EC0-301F-11D3-BF4B-00C04F79EFBC}") = "PackIT.Infrastructure", "src\PackIT.Infrastructure\PackIT.Infrastructure.csproj", "{6037F5E5-E00C-47B6-A7A1-426A59161115}"
EndProject
Project("{FAE04EC0-301F-11D3-BF4B-00C04F79EFBC}") = "PackIT.API", "src\PackIT.API\PackIT.API.csproj", "{3A05E261-4376-4B97-912C-6ACAB664BACF}"
EndProject
Global
	GlobalSection(SolutionConfigurationPlatforms) = preSolution
		Debug|Any CPU = Debug|Any CPU
		Release|Any CPU = Release|Any CPU
	EndGlobalSection
	GlobalSection(NestedProjects) = preSolution
		{C480260A-6D6A-4924-9973-CF6D50D83529} = {483F4BE1-BE0C-45DF-A7B3-27C07B077E7F}
		{2203A942-9C8F-4E45-AC9D-134E04EED41E} = {C480260A-6D6A-4924-9973-CF6D50D83529}
		{82AFCB36-8E58-4B4B-8704-A3483A6AC540} = {C480260A-6D6A-4924-9973-CF6D50D83529}
		{CCF4E221-C1C2-4D38-854B-1C0B7612F190} = {483F4BE1-BE0C-45DF-A7B3-27C07B077E7F}
		{5A8317E5-957B-4318-8495-868A5E6CB224} = {483F4BE1-BE0C-45DF-A7B3-27C07B077E7F}
		{6037F5E5-E00C-47B6-A7A1-426A59161115} = {483F4BE1-BE0C-45DF-A7B3-27C07B077E7F}
		{3A05E261-4376-4B97-912C-6ACAB664BACF} = {483F4BE1-BE0C-45DF-A7B3-27C07B077E7F}
	EndGlobalSection
	GlobalSection(ProjectConfigurationPlatforms) = postSolution
		{2203A942-9C8F-4E45-AC9D-134E04EED41E}.Debug|Any CPU.ActiveCfg = Debug|Any CPU
		{2203A942-9C8F-4E45-AC9D-134E04EED41E}.Debug|Any CPU.Build.0 = Debug|Any CPU
		{2203A942-9C8F-4E45-AC9D-134E04EED41E}.Release|Any CPU.ActiveCfg = Release|Any CPU
		{2203A942-9C8F-4E45-AC9D-134E04EED41E}.Release|Any CPU.Build.0 = Release|Any CPU
		{82AFCB36-8E58-4B4B-8704-A3483A6AC540}.Debug|Any CPU.ActiveCfg = Debug|Any CPU
		{82AFCB36-8E58-4B4B-8704-A3483A6AC540}.Debug|Any CPU.Build.0 = Debug|Any CPU
		{82AFCB36-8E58-4B4B-8704-A3483A6AC540}.Release|Any CPU.ActiveCfg = Release|Any CPU
		{82AFCB36-8E58-4B4B-8704-A3483A6AC540}.Release|Any CPU.Build.0 = Release|Any CPU
		{CCF4E221-C1C2-4D38-854B-1C0B7612F190}.Debug|Any CPU.ActiveCfg = Debug|Any CPU
		{CCF4E221-C1C2-4D38-854B-1C0B7612F190}.Debug|Any CPU.Build.0 = Debug|Any CPU
		{CCF4E221-C1C2-4D38-854B-1C0B7612F190}.Release|Any CPU.ActiveCfg = Release|Any CPU
		{CCF4E221-C1C2-4D38-854B-1C0B7612F190}.Release|Any CPU.Build.0 = Release|Any CPU
		{5A8317E5-957B-4318-8495-868A5E6CB224}.Debug|Any CPU.ActiveCfg = Debug|Any CPU
		{5A8317E5-957B-4318-8495-868A5E6CB224}.Debug|Any CPU.Build.0 = Debug|Any CPU
		{5A8317E5-957B-4318-8495-868A5E6CB224}.Release|Any CPU.ActiveCfg = Release|Any CPU
		{5A8317E5-957B-4318-8495-868A5E6CB224}.Release|Any CPU.Build.0 = Release|Any CPU
		{6037F5E5-E00C-47B6-A7A1-426A59161115}.Debug|Any CPU.ActiveCfg = Debug|Any CPU
		{6037F5E5-E00C-47B6-A7A1-426A59161115}.Debug|Any CPU.Build.0 = Debug|Any CPU
		{6037F5E5-E00C-47B6-A7A1-426A59161115}.Release|Any CPU.ActiveCfg = Release|Any CPU
		{6037F5E5-E00C-47B6-A7A1-426A59161115}.Release|Any CPU.Build.0 = Release|Any CPU
		{3A05E261-4376-4B97-912C-6ACAB664BACF}.Debug|Any CPU.ActiveCfg = Debug|Any CPU
		{3A05E261-4376-4B97-912C-6ACAB664BACF}.Debug|Any CPU.Build.0 = Debug|Any CPU
		{3A05E261-4376-4B97-912C-6ACAB664BACF}.Release|Any CPU.ActiveCfg = Release|Any CPU
		{3A05E261-4376-4B97-912C-6ACAB664BACF}.Release|Any CPU.Build.0 = Release|Any CPU
	EndGlobalSection
EndGlobal
